
Microsoft Visual Studio Solution File, Format Version 12.00
# Visual Studio Version 17
VisualStudioVersion = 17.8.34408.163
MinimumVisualStudioVersion = 10.0.40219.1
Project("{9A19103F-16F7-4668-BE54-9A1E7A4F7556}") = "ZooApi", "ZooApi\ZooApi.csproj", "{B7FFE5E6-0DE4-468B-AF32-2DDB51EC6C5E}"
EndProject
Project("{FAE04EC0-301F-11D3-BF4B-00C04F79EFBC}") = "ZooTests", "ZooTest\ZooTests.csproj", "{1B5DB60B-6891-4688-B739-E71F4B488AD0}"
EndProject
Global
	GlobalSection(SolutionConfigurationPlatforms) = preSolution
		Debug|Any CPU = Debug|Any CPU
		Release|Any CPU = Release|Any CPU
	EndGlobalSection
	GlobalSection(ProjectConfigurationPlatforms) = postSolution
		{B7FFE5E6-0DE4-468B-AF32-2DDB51EC6C5E}.Debug|Any CPU.ActiveCfg = Debug|Any CPU
		{B7FFE5E6-0DE4-468B-AF32-2DDB51EC6C5E}.Debug|Any CPU.Build.0 = Debug|Any CPU
		{B7FFE5E6-0DE4-468B-AF32-2DDB51EC6C5E}.Release|Any CPU.ActiveCfg = Release|Any CPU
		{B7FFE5E6-0DE4-468B-AF32-2DDB51EC6C5E}.Release|Any CPU.Build.0 = Release|Any CPU
		{1B5DB60B-6891-4688-B739-E71F4B488AD0}.Debug|Any CPU.ActiveCfg = Debug|Any CPU
		{1B5DB60B-6891-4688-B739-E71F4B488AD0}.Debug|Any CPU.Build.0 = Debug|Any CPU
		{1B5DB60B-6891-4688-B739-E71F4B488AD0}.Release|Any CPU.ActiveCfg = Release|Any CPU
		{1B5DB60B-6891-4688-B739-E71F4B488AD0}.Release|Any CPU.Build.0 = Release|Any CPU
	EndGlobalSection
	GlobalSection(SolutionProperties) = preSolution
		HideSolutionNode = FALSE
	EndGlobalSection
	GlobalSection(ExtensibilityGlobals) = postSolution
		SolutionGuid = {A4EA32B2-FABF-4EE4-8717-C7B202E402EC}
	EndGlobalSection
EndGlobal
